
Microsoft Visual Studio Solution File, Format Version 12.00
# Visual Studio Version 17
VisualStudioVersion = 17.6.33829.357
MinimumVisualStudioVersion = 10.0.40219.1
Project("{FAE04EC0-301F-11D3-BF4B-00C04F79EFBC}") = "AsynchronusDemo2", "AsynchronusDemo2\AsynchronusDemo2.csproj", "{C27EFC27-9006-4689-89C9-AC4E7F44B287}"
EndProject
Global
	GlobalSection(SolutionConfigurationPlatforms) = preSolution
		Debug|Any CPU = Debug|Any CPU
		Release|Any CPU = Release|Any CPU
	EndGlobalSection
	GlobalSection(ProjectConfigurationPlatforms) = postSolution
		{C27EFC27-9006-4689-89C9-AC4E7F44B287}.Debug|Any CPU.ActiveCfg = Debug|Any CPU
		{C27EFC27-9006-4689-89C9-AC4E7F44B287}.Debug|Any CPU.Build.0 = Debug|Any CPU
		{C27EFC27-9006-4689-89C9-AC4E7F44B287}.Release|Any CPU.ActiveCfg = Release|Any CPU
		{C27EFC27-9006-4689-89C9-AC4E7F44B287}.Release|Any CPU.Build.0 = Release|Any CPU
	EndGlobalSection
	GlobalSection(SolutionProperties) = preSolution
		HideSolutionNode = FALSE
	EndGlobalSection
	GlobalSection(ExtensibilityGlobals) = postSolution
		SolutionGuid = {30D5C970-98A8-4407-A4FB-BC7A7820312B}
	EndGlobalSection
EndGlobal
